
Microsoft Visual Studio Solution File, Format Version 12.00
# Visual Studio Version 17
VisualStudioVersion = 17.9.34607.119
MinimumVisualStudioVersion = 10.0.40219.1
Project("{FAE04EC0-301F-11D3-BF4B-00C04F79EFBC}") = "Interfaces", "Interfaces.csproj", "{23CE58B3-ED1B-48DF-94D5-3919C14E444D}"
EndProject
Global
	GlobalSection(SolutionConfigurationPlatforms) = preSolution
		Debug|Any CPU = Debug|Any CPU
		Release|Any CPU = Release|Any CPU
	EndGlobalSection
	GlobalSection(ProjectConfigurationPlatforms) = postSolution
		{23CE58B3-ED1B-48DF-94D5-3919C14E444D}.Debug|Any CPU.ActiveCfg = Debug|Any CPU
		{23CE58B3-ED1B-48DF-94D5-3919C14E444D}.Debug|Any CPU.Build.0 = Debug|Any CPU
		{23CE58B3-ED1B-48DF-94D5-3919C14E444D}.Release|Any CPU.ActiveCfg = Release|Any CPU
		{23CE58B3-ED1B-48DF-94D5-3919C14E444D}.Release|Any CPU.Build.0 = Release|Any CPU
	EndGlobalSection
	GlobalSection(SolutionProperties) = preSolution
		HideSolutionNode = FALSE
	EndGlobalSection
	GlobalSection(ExtensibilityGlobals) = postSolution
		SolutionGuid = {7BA700F4-72DF-4CEE-A5C0-FBE57AF851FE}
	EndGlobalSection
EndGlobal
